
Microsoft Visual Studio Solution File, Format Version 12.00
# Visual Studio Version 17
VisualStudioVersion = 17.0.31919.166
MinimumVisualStudioVersion = 10.0.40219.1
Project("{9A19103F-16F7-4668-BE54-9A1E7A4F7556}") = "MovieShopMVC", "MovieShopMCV\MovieShopMVC.csproj", "{E754F50A-9E51-4558-A800-40FC95C9094A}"
EndProject
Project("{9A19103F-16F7-4668-BE54-9A1E7A4F7556}") = "ApplicationCore", "ApplicationCore\ApplicationCore.csproj", "{8E9B8F1D-EA2A-4573-8C6E-F1B0ECEC7272}"
EndProject
Project("{9A19103F-16F7-4668-BE54-9A1E7A4F7556}") = "Infrastructure", "Infrastructure\Infrastructure.csproj", "{161948BC-6287-4E2D-9AC2-AB7A1EC5FBF3}"
EndProject
Project("{FAE04EC0-301F-11D3-BF4B-00C04F79EFBC}") = "MovieShop.API", "MovieShop.API\MovieShop.API.csproj", "{15414529-3035-4910-8253-4DC4CA104C84}"
EndProject
Global
	GlobalSection(SolutionConfigurationPlatforms) = preSolution
		Debug|Any CPU = Debug|Any CPU
		Release|Any CPU = Release|Any CPU
	EndGlobalSection
	GlobalSection(ProjectConfigurationPlatforms) = postSolution
		{E754F50A-9E51-4558-A800-40FC95C9094A}.Debug|Any CPU.ActiveCfg = Debug|Any CPU
		{E754F50A-9E51-4558-A800-40FC95C9094A}.Debug|Any CPU.Build.0 = Debug|Any CPU
		{E754F50A-9E51-4558-A800-40FC95C9094A}.Release|Any CPU.ActiveCfg = Release|Any CPU
		{E754F50A-9E51-4558-A800-40FC95C9094A}.Release|Any CPU.Build.0 = Release|Any CPU
		{8E9B8F1D-EA2A-4573-8C6E-F1B0ECEC7272}.Debug|Any CPU.ActiveCfg = Debug|Any CPU
		{8E9B8F1D-EA2A-4573-8C6E-F1B0ECEC7272}.Debug|Any CPU.Build.0 = Debug|Any CPU
		{8E9B8F1D-EA2A-4573-8C6E-F1B0ECEC7272}.Release|Any CPU.ActiveCfg = Release|Any CPU
		{8E9B8F1D-EA2A-4573-8C6E-F1B0ECEC7272}.Release|Any CPU.Build.0 = Release|Any CPU
		{161948BC-6287-4E2D-9AC2-AB7A1EC5FBF3}.Debug|Any CPU.ActiveCfg = Debug|Any CPU
		{161948BC-6287-4E2D-9AC2-AB7A1EC5FBF3}.Debug|Any CPU.Build.0 = Debug|Any CPU
		{161948BC-6287-4E2D-9AC2-AB7A1EC5FBF3}.Release|Any CPU.ActiveCfg = Release|Any CPU
		{161948BC-6287-4E2D-9AC2-AB7A1EC5FBF3}.Release|Any CPU.Build.0 = Release|Any CPU
		{15414529-3035-4910-8253-4DC4CA104C84}.Debug|Any CPU.ActiveCfg = Debug|Any CPU
		{15414529-3035-4910-8253-4DC4CA104C84}.Debug|Any CPU.Build.0 = Debug|Any CPU
		{15414529-3035-4910-8253-4DC4CA104C84}.Release|Any CPU.ActiveCfg = Release|Any CPU
		{15414529-3035-4910-8253-4DC4CA104C84}.Release|Any CPU.Build.0 = Release|Any CPU
	EndGlobalSection
	GlobalSection(SolutionProperties) = preSolution
		HideSolutionNode = FALSE
	EndGlobalSection
	GlobalSection(ExtensibilityGlobals) = postSolution
		SolutionGuid = {40027CE1-0E68-42CE-9E7F-A1F065DF276C}
	EndGlobalSection
EndGlobal
